// !$*UTF8*$!
{
	archiveVersion = 1;
	classes = {
	};
	objectVersion = 50;
	objects = {

/* Begin PBXBuildFile section */
		1B7EA795D68547D64CA0F8CB /* Pods_LogMyWeight.framework in Frameworks */ = {isa = PBXBuildFile; fileRef = 395EFE90CF72347FCCCAB8E8 /* Pods_LogMyWeight.framework */; };
		619E712721645C12003A1707 /* SettingsTableViewController.swift in Sources */ = {isa = PBXBuildFile; fileRef = 619E712621645C12003A1707 /* SettingsTableViewController.swift */; };
		61C19EE8213175E900A23F7A /* AppDelegate.swift in Sources */ = {isa = PBXBuildFile; fileRef = 61C19EE7213175E900A23F7A /* AppDelegate.swift */; };
		61C19EED213175E900A23F7A /* Main.storyboard in Resources */ = {isa = PBXBuildFile; fileRef = 61C19EEB213175E900A23F7A /* Main.storyboard */; };
		61C19EEF213175F300A23F7A /* Assets.xcassets in Resources */ = {isa = PBXBuildFile; fileRef = 61C19EEE213175F300A23F7A /* Assets.xcassets */; };
		61C19EF2213175F300A23F7A /* LaunchScreen.storyboard in Resources */ = {isa = PBXBuildFile; fileRef = 61C19EF0213175F300A23F7A /* LaunchScreen.storyboard */; };
		61C19EFC2133823B00A23F7A /* LogTableViewController.swift in Sources */ = {isa = PBXBuildFile; fileRef = 61C19EFB2133823B00A23F7A /* LogTableViewController.swift */; };
		61C19F03213385F500A23F7A /* WeightLog.swift in Sources */ = {isa = PBXBuildFile; fileRef = 61C19F02213385F500A23F7A /* WeightLog.swift */; };
		61C19F0A21338AF400A23F7A /* WeightLogCell.swift in Sources */ = {isa = PBXBuildFile; fileRef = 61C19F0821338AF400A23F7A /* WeightLogCell.swift */; };
		61C19F0B21338AF400A23F7A /* WeightLogCell.xib in Resources */ = {isa = PBXBuildFile; fileRef = 61C19F0921338AF400A23F7A /* WeightLogCell.xib */; };
		61C19F11213410B600A23F7A /* AddWeightViewController.swift in Sources */ = {isa = PBXBuildFile; fileRef = 61C19F10213410B600A23F7A /* AddWeightViewController.swift */; };
/* End PBXBuildFile section */

/* Begin PBXFileReference section */
		395EFE90CF72347FCCCAB8E8 /* Pods_LogMyWeight.framework */ = {isa = PBXFileReference; explicitFileType = wrapper.framework; includeInIndex = 0; path = Pods_LogMyWeight.framework; sourceTree = BUILT_PRODUCTS_DIR; };
		619E712621645C12003A1707 /* SettingsTableViewController.swift */ = {isa = PBXFileReference; lastKnownFileType = sourcecode.swift; path = SettingsTableViewController.swift; sourceTree = "<group>"; };
		61C19EE4213175E900A23F7A /* LogMyWeight.app */ = {isa = PBXFileReference; explicitFileType = wrapper.application; includeInIndex = 0; path = LogMyWeight.app; sourceTree = BUILT_PRODUCTS_DIR; };
		61C19EE7213175E900A23F7A /* AppDelegate.swift */ = {isa = PBXFileReference; lastKnownFileType = sourcecode.swift; path = AppDelegate.swift; sourceTree = "<group>"; };
		61C19EEC213175E900A23F7A /* Base */ = {isa = PBXFileReference; lastKnownFileType = file.storyboard; name = Base; path = Base.lproj/Main.storyboard; sourceTree = "<group>"; };
		61C19EEE213175F300A23F7A /* Assets.xcassets */ = {isa = PBXFileReference; lastKnownFileType = folder.assetcatalog; path = Assets.xcassets; sourceTree = "<group>"; };
		61C19EF1213175F300A23F7A /* Base */ = {isa = PBXFileReference; lastKnownFileType = file.storyboard; name = Base; path = Base.lproj/LaunchScreen.storyboard; sourceTree = "<group>"; };
		61C19EF3213175F300A23F7A /* Info.plist */ = {isa = PBXFileReference; lastKnownFileType = text.plist.xml; path = Info.plist; sourceTree = "<group>"; };
		61C19EFB2133823B00A23F7A /* LogTableViewController.swift */ = {isa = PBXFileReference; lastKnownFileType = sourcecode.swift; path = LogTableViewController.swift; sourceTree = "<group>"; };
		61C19F02213385F500A23F7A /* WeightLog.swift */ = {isa = PBXFileReference; lastKnownFileType = sourcecode.swift; path = WeightLog.swift; sourceTree = "<group>"; };
		61C19F0821338AF400A23F7A /* WeightLogCell.swift */ = {isa = PBXFileReference; lastKnownFileType = sourcecode.swift; path = WeightLogCell.swift; sourceTree = "<group>"; };
		61C19F0921338AF400A23F7A /* WeightLogCell.xib */ = {isa = PBXFileReference; lastKnownFileType = file.xib; path = WeightLogCell.xib; sourceTree = "<group>"; };
		61C19F10213410B600A23F7A /* AddWeightViewController.swift */ = {isa = PBXFileReference; lastKnownFileType = sourcecode.swift; path = AddWeightViewController.swift; sourceTree = "<group>"; };
		D197AA1823FB8F5A9F3A0398 /* Pods-LogMyWeight.release.xcconfig */ = {isa = PBXFileReference; includeInIndex = 1; lastKnownFileType = text.xcconfig; name = "Pods-LogMyWeight.release.xcconfig"; path = "Pods/Target Support Files/Pods-LogMyWeight/Pods-LogMyWeight.release.xcconfig"; sourceTree = "<group>"; };
		D9A27E89230BEF2876851913 /* Pods-LogMyWeight.debug.xcconfig */ = {isa = PBXFileReference; includeInIndex = 1; lastKnownFileType = text.xcconfig; name = "Pods-LogMyWeight.debug.xcconfig"; path = "Pods/Target Support Files/Pods-LogMyWeight/Pods-LogMyWeight.debug.xcconfig"; sourceTree = "<group>"; };
/* End PBXFileReference section */

/* Begin PBXFrameworksBuildPhase section */
		61C19EE1213175E900A23F7A /* Frameworks */ = {
			isa = PBXFrameworksBuildPhase;
			buildActionMask = 2147483647;
			files = (
				1B7EA795D68547D64CA0F8CB /* Pods_LogMyWeight.framework in Frameworks */,
			);
			runOnlyForDeploymentPostprocessing = 0;
		};
/* End PBXFrameworksBuildPhase section */

/* Begin PBXGroup section */
		61C19EDB213175E900A23F7A = {
			isa = PBXGroup;
			children = (
				61C19EE6213175E900A23F7A /* LogMyWeight */,
				61C19EE5213175E900A23F7A /* Products */,
				FA7643BF3C29E1A1AB0D4A70 /* Pods */,
				A9DA183EC1C4DBD73E9AE25E /* Frameworks */,
			);
			sourceTree = "<group>";
		};
		61C19EE5213175E900A23F7A /* Products */ = {
			isa = PBXGroup;
			children = (
				61C19EE4213175E900A23F7A /* LogMyWeight.app */,
			);
			name = Products;
			sourceTree = "<group>";
		};
		61C19EE6213175E900A23F7A /* LogMyWeight */ = {
			isa = PBXGroup;
			children = (
				61C19F01213382B800A23F7A /* View */,
				61C19EFE2133825000A23F7A /* Controller */,
				61C19EFD2133824500A23F7A /* Model */,
				61C19EEE213175F300A23F7A /* Assets.xcassets */,
				61C19EF3213175F300A23F7A /* Info.plist */,
			);
			path = LogMyWeight;
			sourceTree = "<group>";
		};
		61C19EFD2133824500A23F7A /* Model */ = {
			isa = PBXGroup;
			children = (
				61C19F02213385F500A23F7A /* WeightLog.swift */,
			);
			path = Model;
			sourceTree = "<group>";
		};
		61C19EFE2133825000A23F7A /* Controller */ = {
			isa = PBXGroup;
			children = (
				61C19EE7213175E900A23F7A /* AppDelegate.swift */,
				61C19EFB2133823B00A23F7A /* LogTableViewController.swift */,
				61C19F10213410B600A23F7A /* AddWeightViewController.swift */,
				61C19F0821338AF400A23F7A /* WeightLogCell.swift */,
				619E712621645C12003A1707 /* SettingsTableViewController.swift */,
			);
			path = Controller;
			sourceTree = "<group>";
		};
		61C19F01213382B800A23F7A /* View */ = {
			isa = PBXGroup;
			children = (
				61C19EEB213175E900A23F7A /* Main.storyboard */,
				61C19EF0213175F300A23F7A /* LaunchScreen.storyboard */,
				61C19F0921338AF400A23F7A /* WeightLogCell.xib */,
			);
			path = View;
			sourceTree = "<group>";
		};
		A9DA183EC1C4DBD73E9AE25E /* Frameworks */ = {
			isa = PBXGroup;
			children = (
				395EFE90CF72347FCCCAB8E8 /* Pods_LogMyWeight.framework */,
			);
			name = Frameworks;
			sourceTree = "<group>";
		};
		FA7643BF3C29E1A1AB0D4A70 /* Pods */ = {
			isa = PBXGroup;
			children = (
				D9A27E89230BEF2876851913 /* Pods-LogMyWeight.debug.xcconfig */,
				D197AA1823FB8F5A9F3A0398 /* Pods-LogMyWeight.release.xcconfig */,
			);
			name = Pods;
			sourceTree = "<group>";
		};
/* End PBXGroup section */

/* Begin PBXNativeTarget section */
		61C19EE3213175E900A23F7A /* LogMyWeight */ = {
			isa = PBXNativeTarget;
			buildConfigurationList = 61C19EF6213175F300A23F7A /* Build configuration list for PBXNativeTarget "LogMyWeight" */;
			buildPhases = (
				40E6728CBB8F635B0992C7E9 /* [CP] Check Pods Manifest.lock */,
				61C19EE0213175E900A23F7A /* Sources */,
				61C19EE1213175E900A23F7A /* Frameworks */,
				61C19EE2213175E900A23F7A /* Resources */,
				A065B92D9BE2792AE390DE21 /* [CP] Embed Pods Frameworks */,
			);
			buildRules = (
			);
			dependencies = (
			);
			name = LogMyWeight;
			productName = LogMyWeight;
			productReference = 61C19EE4213175E900A23F7A /* LogMyWeight.app */;
			productType = "com.apple.product-type.application";
		};
/* End PBXNativeTarget section */

/* Begin PBXProject section */
		61C19EDC213175E900A23F7A /* Project object */ = {
			isa = PBXProject;
			attributes = {
				LastSwiftUpdateCheck = 0940;
				LastUpgradeCheck = 0940;
				ORGANIZATIONNAME = Achirangshu;
				TargetAttributes = {
					61C19EE3213175E900A23F7A = {
						CreatedOnToolsVersion = 9.4.1;
						LastSwiftMigration = 1000;
					};
				};
			};
			buildConfigurationList = 61C19EDF213175E900A23F7A /* Build configuration list for PBXProject "LogMyWeight" */;
			compatibilityVersion = "Xcode 9.3";
			developmentRegion = en;
			hasScannedForEncodings = 0;
			knownRegions = (
				en,
				Base,
			);
			mainGroup = 61C19EDB213175E900A23F7A;
			productRefGroup = 61C19EE5213175E900A23F7A /* Products */;
			projectDirPath = "";
			projectRoot = "";
			targets = (
				61C19EE3213175E900A23F7A /* LogMyWeight */,
			);
		};
/* End PBXProject section */

/* Begin PBXResourcesBuildPhase section */
		61C19EE2213175E900A23F7A /* Resources */ = {
			isa = PBXResourcesBuildPhase;
			buildActionMask = 2147483647;
			files = (
				61C19EF2213175F300A23F7A /* LaunchScreen.storyboard in Resources */,
				61C19F0B21338AF400A23F7A /* WeightLogCell.xib in Resources */,
				61C19EEF213175F300A23F7A /* Assets.xcassets in Resources */,
				61C19EED213175E900A23F7A /* Main.storyboard in Resources */,
			);
			runOnlyForDeploymentPostprocessing = 0;
		};
/* End PBXResourcesBuildPhase section */

/* Begin PBXShellScriptBuildPhase section */
		40E6728CBB8F635B0992C7E9 /* [CP] Check Pods Manifest.lock */ = {
			isa = PBXShellScriptBuildPhase;
			buildActionMask = 2147483647;
			files = (
			);
			inputPaths = (
				"${PODS_PODFILE_DIR_PATH}/Podfile.lock",
				"${PODS_ROOT}/Manifest.lock",
			);
			name = "[CP] Check Pods Manifest.lock";
			outputPaths = (
				"$(DERIVED_FILE_DIR)/Pods-LogMyWeight-checkManifestLockResult.txt",
			);
			runOnlyForDeploymentPostprocessing = 0;
			shellPath = /bin/sh;
			shellScript = "diff \"${PODS_PODFILE_DIR_PATH}/Podfile.lock\" \"${PODS_ROOT}/Manifest.lock\" > /dev/null\nif [ $? != 0 ] ; then\n    # print error to STDERR\n    echo \"error: The sandbox is not in sync with the Podfile.lock. Run 'pod install' or update your CocoaPods installation.\" >&2\n    exit 1\nfi\n# This output is used by Xcode 'outputs' to avoid re-running this script phase.\necho \"SUCCESS\" > \"${SCRIPT_OUTPUT_FILE_0}\"\n";
			showEnvVarsInLog = 0;
		};
		A065B92D9BE2792AE390DE21 /* [CP] Embed Pods Frameworks */ = {
			isa = PBXShellScriptBuildPhase;
			buildActionMask = 2147483647;
			files = (
			);
			inputPaths = (
				"${SRCROOT}/Pods/Target Support Files/Pods-LogMyWeight/Pods-LogMyWeight-frameworks.sh",
				"${BUILT_PRODUCTS_DIR}/Realm/Realm.framework",
				"${BUILT_PRODUCTS_DIR}/RealmSwift/RealmSwift.framework",
			);
			name = "[CP] Embed Pods Frameworks";
			outputPaths = (
				"${TARGET_BUILD_DIR}/${FRAMEWORKS_FOLDER_PATH}/Realm.framework",
				"${TARGET_BUILD_DIR}/${FRAMEWORKS_FOLDER_PATH}/RealmSwift.framework",
			);
			runOnlyForDeploymentPostprocessing = 0;
			shellPath = /bin/sh;
			shellScript = "\"${SRCROOT}/Pods/Target Support Files/Pods-LogMyWeight/Pods-LogMyWeight-frameworks.sh\"\n";
			showEnvVarsInLog = 0;
		};
/* End PBXShellScriptBuildPhase section */

/* Begin PBXSourcesBuildPhase section */
		61C19EE0213175E900A23F7A /* Sources */ = {
			isa = PBXSourcesBuildPhase;
			buildActionMask = 2147483647;
			files = (
				61C19EFC2133823B00A23F7A /* LogTableViewController.swift in Sources */,
				61C19F03213385F500A23F7A /* WeightLog.swift in Sources */,
				619E712721645C12003A1707 /* SettingsTableViewController.swift in Sources */,
				61C19F0A21338AF400A23F7A /* WeightLogCell.swift in Sources */,
				61C19EE8213175E900A23F7A /* AppDelegate.swift in Sources */,
				61C19F11213410B600A23F7A /* AddWeightViewController.swift in Sources */,
			);
			runOnlyForDeploymentPostprocessing = 0;
		};
/* End PBXSourcesBuildPhase section */

/* Begin PBXVariantGroup section */
		61C19EEB213175E900A23F7A /* Main.storyboard */ = {
			isa = PBXVariantGroup;
			children = (
				61C19EEC213175E900A23F7A /* Base */,
			);
			name = Main.storyboard;
			sourceTree = "<group>";
		};
		61C19EF0213175F300A23F7A /* LaunchScreen.storyboard */ = {
			isa = PBXVariantGroup;
			children = (
				61C19EF1213175F300A23F7A /* Base */,
			);
			name = LaunchScreen.storyboard;
			sourceTree = "<group>";
		};
/* End PBXVariantGroup section */

/* Begin XCBuildConfiguration section */
		61C19EF4213175F300A23F7A /* Debug */ = {
			isa = XCBuildConfiguration;
			buildSettings = {
				ALWAYS_SEARCH_USER_PATHS = NO;
				CLANG_ANALYZER_NONNULL = YES;
				CLANG_ANALYZER_NUMBER_OBJECT_CONVERSION = YES_AGGRESSIVE;
				CLANG_CXX_LANGUAGE_STANDARD = "gnu++14";
				CLANG_CXX_LIBRARY = "libc++";
				CLANG_ENABLE_MODULES = YES;
				CLANG_ENABLE_OBJC_ARC = YES;
				CLANG_ENABLE_OBJC_WEAK = YES;
				CLANG_WARN_BLOCK_CAPTURE_AUTORELEASING = YES;
				CLANG_WARN_BOOL_CONVERSION = YES;
				CLANG_WARN_COMMA = YES;
				CLANG_WARN_CONSTANT_CONVERSION = YES;
				CLANG_WARN_DEPRECATED_OBJC_IMPLEMENTATIONS = YES;
				CLANG_WARN_DIRECT_OBJC_ISA_USAGE = YES_ERROR;
				CLANG_WARN_DOCUMENTATION_COMMENTS = YES;
				CLANG_WARN_EMPTY_BODY = YES;
				CLANG_WARN_ENUM_CONVERSION = YES;
				CLANG_WARN_INFINITE_RECURSION = YES;
				CLANG_WARN_INT_CONVERSION = YES;
				CLANG_WARN_NON_LITERAL_NULL_CONVERSION = YES;
				CLANG_WARN_OBJC_IMPLICIT_RETAIN_SELF = YES;
				CLANG_WARN_OBJC_LITERAL_CONVERSION = YES;
				CLANG_WARN_OBJC_ROOT_CLASS = YES_ERROR;
				CLANG_WARN_RANGE_LOOP_ANALYSIS = YES;
				CLANG_WARN_STRICT_PROTOTYPES = YES;
				CLANG_WARN_SUSPICIOUS_MOVE = YES;
				CLANG_WARN_UNGUARDED_AVAILABILITY = YES_AGGRESSIVE;
				CLANG_WARN_UNREACHABLE_CODE = YES;
				CLANG_WARN__DUPLICATE_METHOD_MATCH = YES;
				CODE_SIGN_IDENTITY = "iPhone Developer";
				COPY_PHASE_STRIP = NO;
				DEBUG_INFORMATION_FORMAT = dwarf;
				ENABLE_STRICT_OBJC_MSGSEND = YES;
				ENABLE_TESTABILITY = YES;
				GCC_C_LANGUAGE_STANDARD = gnu11;
				GCC_DYNAMIC_NO_PIC = NO;
				GCC_NO_COMMON_BLOCKS = YES;
				GCC_OPTIMIZATION_LEVEL = 0;
				GCC_PREPROCESSOR_DEFINITIONS = (
					"DEBUG=1",
					"$(inherited)",
				);
				GCC_WARN_64_TO_32_BIT_CONVERSION = YES;
				GCC_WARN_ABOUT_RETURN_TYPE = YES_ERROR;
				GCC_WARN_UNDECLARED_SELECTOR = YES;
				GCC_WARN_UNINITIALIZED_AUTOS = YES_AGGRESSIVE;
				GCC_WARN_UNUSED_FUNCTION = YES;
				GCC_WARN_UNUSED_VARIABLE = YES;
				IPHONEOS_DEPLOYMENT_TARGET = 11.4;
				MTL_ENABLE_DEBUG_INFO = YES;
				ONLY_ACTIVE_ARCH = YES;
				SDKROOT = iphoneos;
				SWIFT_ACTIVE_COMPILATION_CONDITIONS = DEBUG;
				SWIFT_OPTIMIZATION_LEVEL = "-Onone";
			};
			name = Debug;
		};
		61C19EF5213175F300A23F7A /* Release */ = {
			isa = XCBuildConfiguration;
			buildSettings = {
				ALWAYS_SEARCH_USER_PATHS = NO;
				CLANG_ANALYZER_NONNULL = YES;
				CLANG_ANALYZER_NUMBER_OBJECT_CONVERSION = YES_AGGRESSIVE;
				CLANG_CXX_LANGUAGE_STANDARD = "gnu++14";
				CLANG_CXX_LIBRARY = "libc++";
				CLANG_ENABLE_MODULES = YES;
				CLANG_ENABLE_OBJC_ARC = YES;
				CLANG_ENABLE_OBJC_WEAK = YES;
				CLANG_WARN_BLOCK_CAPTURE_AUTORELEASING = YES;
				CLANG_WARN_BOOL_CONVERSION = YES;
				CLANG_WARN_COMMA = YES;
				CLANG_WARN_CONSTANT_CONVERSION = YES;
				CLANG_WARN_DEPRECATED_OBJC_IMPLEMENTATIONS = YES;
				CLANG_WARN_DIRECT_OBJC_ISA_USAGE = YES_ERROR;
				CLANG_WARN_DOCUMENTATION_COMMENTS = YES;
				CLANG_WARN_EMPTY_BODY = YES;
				CLANG_WARN_ENUM_CONVERSION = YES;
				CLANG_WARN_INFINITE_RECURSION = YES;
				CLANG_WARN_INT_CONVERSION = YES;
				CLANG_WARN_NON_LITERAL_NULL_CONVERSION = YES;
				CLANG_WARN_OBJC_IMPLICIT_RETAIN_SELF = YES;
				CLANG_WARN_OBJC_LITERAL_CONVERSION = YES;
				CLANG_WARN_OBJC_ROOT_CLASS = YES_ERROR;
				CLANG_WARN_RANGE_LOOP_ANALYSIS = YES;
				CLANG_WARN_STRICT_PROTOTYPES = YES;
				CLANG_WARN_SUSPICIOUS_MOVE = YES;
				CLANG_WARN_UNGUARDED_AVAILABILITY = YES_AGGRESSIVE;
				CLANG_WARN_UNREACHABLE_CODE = YES;
				CLANG_WARN__DUPLICATE_METHOD_MATCH = YES;
				CODE_SIGN_IDENTITY = "iPhone Developer";
				COPY_PHASE_STRIP = NO;
				DEBUG_INFORMATION_FORMAT = "dwarf-with-dsym";
				ENABLE_NS_ASSERTIONS = NO;
				ENABLE_STRICT_OBJC_MSGSEND = YES;
				GCC_C_LANGUAGE_STANDARD = gnu11;
				GCC_NO_COMMON_BLOCKS = YES;
				GCC_WARN_64_TO_32_BIT_CONVERSION = YES;
				GCC_WARN_ABOUT_RETURN_TYPE = YES_ERROR;
				GCC_WARN_UNDECLARED_SELECTOR = YES;
				GCC_WARN_UNINITIALIZED_AUTOS = YES_AGGRESSIVE;
				GCC_WARN_UNUSED_FUNCTION = YES;
				GCC_WARN_UNUSED_VARIABLE = YES;
				IPHONEOS_DEPLOYMENT_TARGET = 11.4;
				MTL_ENABLE_DEBUG_INFO = NO;
				SDKROOT = iphoneos;
				SWIFT_COMPILATION_MODE = wholemodule;
				SWIFT_OPTIMIZATION_LEVEL = "-O";
				VALIDATE_PRODUCT = YES;
			};
			name = Release;
		};
		61C19EF7213175F300A23F7A /* Debug */ = {
			isa = XCBuildConfiguration;
			baseConfigurationReference = D9A27E89230BEF2876851913 /* Pods-LogMyWeight.debug.xcconfig */;
			buildSettings = {
				ASSETCATALOG_COMPILER_APPICON_NAME = AppIcon;
				CODE_SIGN_STYLE = Automatic;
				DEVELOPMENT_TEAM = 3ML2LD2P64;
				INFOPLIST_FILE = LogMyWeight/Info.plist;
				LD_RUNPATH_SEARCH_PATHS = (
					"$(inherited)",
					"@executable_path/Frameworks",
				);
				PRODUCT_BUNDLE_IDENTIFIER = Achirangshu.LogMyWeight;
				PRODUCT_NAME = "$(TARGET_NAME)";
				SWIFT_VERSION = 4.2;
				TARGETED_DEVICE_FAMILY = "1,2";
			};
			name = Debug;
		};
		61C19EF8213175F300A23F7A /* Release */ = {
			isa = XCBuildConfiguration;
			baseConfigurationReference = D197AA1823FB8F5A9F3A0398 /* Pods-LogMyWeight.release.xcconfig */;
			buildSettings = {
				ASSETCATALOG_COMPILER_APPICON_NAME = AppIcon;
				CODE_SIGN_STYLE = Automatic;
				DEVELOPMENT_TEAM = 3ML2LD2P64;
				INFOPLIST_FILE = LogMyWeight/Info.plist;
				LD_RUNPATH_SEARCH_PATHS = (
					"$(inherited)",
					"@executable_path/Frameworks",
				);
				PRODUCT_BUNDLE_IDENTIFIER = Achirangshu.LogMyWeight;
				PRODUCT_NAME = "$(TARGET_NAME)";
				SWIFT_VERSION = 4.2;
				TARGETED_DEVICE_FAMILY = "1,2";
			};
			name = Release;
		};
/* End XCBuildConfiguration section */

/* Begin XCConfigurationList section */
		61C19EDF213175E900A23F7A /* Build configuration list for PBXProject "LogMyWeight" */ = {
			isa = XCConfigurationList;
			buildConfigurations = (
				61C19EF4213175F300A23F7A /* Debug */,
				61C19EF5213175F300A23F7A /* Release */,
			);
			defaultConfigurationIsVisible = 0;
			defaultConfigurationName = Release;
		};
		61C19EF6213175F300A23F7A /* Build configuration list for PBXNativeTarget "LogMyWeight" */ = {
			isa = XCConfigurationList;
			buildConfigurations = (
				61C19EF7213175F300A23F7A /* Debug */,
				61C19EF8213175F300A23F7A /* Release */,
			);
			defaultConfigurationIsVisible = 0;
			defaultConfigurationName = Release;
		};
/* End XCConfigurationList section */
	};
	rootObject = 61C19EDC213175E900A23F7A /* Project object */;
}
